
Microsoft Visual Studio Solution File, Format Version 12.00
# Visual Studio Version 17
VisualStudioVersion = 17.1.32328.378
MinimumVisualStudioVersion = 10.0.40219.1
Project("{FAE04EC0-301F-11D3-BF4B-00C04F79EFBC}") = "RotarMatrices", "RotarMatrices.csproj", "{29C4C46A-8655-4643-ADC5-573F0E56E58A}"
EndProject
Global
	GlobalSection(SolutionConfigurationPlatforms) = preSolution
		Debug|Any CPU = Debug|Any CPU
		Release|Any CPU = Release|Any CPU
	EndGlobalSection
	GlobalSection(ProjectConfigurationPlatforms) = postSolution
		{29C4C46A-8655-4643-ADC5-573F0E56E58A}.Debug|Any CPU.ActiveCfg = Debug|Any CPU
		{29C4C46A-8655-4643-ADC5-573F0E56E58A}.Debug|Any CPU.Build.0 = Debug|Any CPU
		{29C4C46A-8655-4643-ADC5-573F0E56E58A}.Release|Any CPU.ActiveCfg = Release|Any CPU
		{29C4C46A-8655-4643-ADC5-573F0E56E58A}.Release|Any CPU.Build.0 = Release|Any CPU
	EndGlobalSection
	GlobalSection(SolutionProperties) = preSolution
		HideSolutionNode = FALSE
	EndGlobalSection
	GlobalSection(ExtensibilityGlobals) = postSolution
		SolutionGuid = {AB3F464E-7F58-4934-9A3E-20C0D7A93416}
	EndGlobalSection
EndGlobal
